
Microsoft Visual Studio Solution File, Format Version 12.00
# Visual Studio Version 16
VisualStudioVersion = 16.0.32228.343
MinimumVisualStudioVersion = 10.0.40219.1
Project("{8BC9CEB8-8B4A-11D0-8D11-00A0C91BC942}") = "LoadDriverByPs", "LoadDriverByPs\LoadDriverByPs.vcxproj", "{068E6727-5632-49F0-B110-ACD7F0518257}"
EndProject
Project("{8BC9CEB8-8B4A-11D0-8D11-00A0C91BC942}") = "LoadDriverByDll", "LoadDriverByDll\LoadDriverByDll.vcxproj", "{7B18358A-3D71-4643-B6F0-9FD87C0D4B84}"
EndProject
Project("{8BC9CEB8-8B4A-11D0-8D11-00A0C91BC942}") = "ProcessProtect", "ProcessProtect\ProcessProtect.vcxproj", "{3E976F39-BF3F-418B-8099-82044B527BAB}"
EndProject
Global
	GlobalSection(SolutionConfigurationPlatforms) = preSolution
		Debug|ARM = Debug|ARM
		Debug|ARM64 = Debug|ARM64
		Debug|x64 = Debug|x64
		Debug|x86 = Debug|x86
		Debugx64|ARM = Debugx64|ARM
		Debugx64|ARM64 = Debugx64|ARM64
		Debugx64|x64 = Debugx64|x64
		Debugx64|x86 = Debugx64|x86
		Release|ARM = Release|ARM
		Release|ARM64 = Release|ARM64
		Release|x64 = Release|x64
		Release|x86 = Release|x86
	EndGlobalSection
	GlobalSection(ProjectConfigurationPlatforms) = postSolution
		{068E6727-5632-49F0-B110-ACD7F0518257}.Debug|ARM.ActiveCfg = Debug|Win32
		{068E6727-5632-49F0-B110-ACD7F0518257}.Debug|ARM64.ActiveCfg = Debug|Win32
		{068E6727-5632-49F0-B110-ACD7F0518257}.Debug|x64.ActiveCfg = Debug|x64
		{068E6727-5632-49F0-B110-ACD7F0518257}.Debug|x64.Build.0 = Debug|x64
		{068E6727-5632-49F0-B110-ACD7F0518257}.Debug|x86.ActiveCfg = Debug|Win32
		{068E6727-5632-49F0-B110-ACD7F0518257}.Debug|x86.Build.0 = Debug|Win32
		{068E6727-5632-49F0-B110-ACD7F0518257}.Debugx64|ARM.ActiveCfg = Debugx64|Win32
		{068E6727-5632-49F0-B110-ACD7F0518257}.Debugx64|ARM64.ActiveCfg = Debugx64|Win32
		{068E6727-5632-49F0-B110-ACD7F0518257}.Debugx64|x64.ActiveCfg = Debugx64|x64
		{068E6727-5632-49F0-B110-ACD7F0518257}.Debugx64|x64.Build.0 = Debugx64|x64
		{068E6727-5632-49F0-B110-ACD7F0518257}.Debugx64|x86.ActiveCfg = Debugx64|Win32
		{068E6727-5632-49F0-B110-ACD7F0518257}.Debugx64|x86.Build.0 = Debugx64|Win32
		{068E6727-5632-49F0-B110-ACD7F0518257}.Release|ARM.ActiveCfg = Release|Win32
		{068E6727-5632-49F0-B110-ACD7F0518257}.Release|ARM64.ActiveCfg = Release|Win32
		{068E6727-5632-49F0-B110-ACD7F0518257}.Release|x64.ActiveCfg = Release|x64
		{068E6727-5632-49F0-B110-ACD7F0518257}.Release|x64.Build.0 = Release|x64
		{068E6727-5632-49F0-B110-ACD7F0518257}.Release|x86.ActiveCfg = Release|Win32
		{068E6727-5632-49F0-B110-ACD7F0518257}.Release|x86.Build.0 = Release|Win32
		{7B18358A-3D71-4643-B6F0-9FD87C0D4B84}.Debug|ARM.ActiveCfg = Debug|Win32
		{7B18358A-3D71-4643-B6F0-9FD87C0D4B84}.Debug|ARM64.ActiveCfg = Debug|Win32
		{7B18358A-3D71-4643-B6F0-9FD87C0D4B84}.Debug|x64.ActiveCfg = Debug|x64
		{7B18358A-3D71-4643-B6F0-9FD87C0D4B84}.Debug|x64.Build.0 = Debug|x64
		{7B18358A-3D71-4643-B6F0-9FD87C0D4B84}.Debug|x86.ActiveCfg = Debug|Win32
		{7B18358A-3D71-4643-B6F0-9FD87C0D4B84}.Debug|x86.Build.0 = Debug|Win32
		{7B18358A-3D71-4643-B6F0-9FD87C0D4B84}.Debugx64|ARM.ActiveCfg = Debugx64|Win32
		{7B18358A-3D71-4643-B6F0-9FD87C0D4B84}.Debugx64|ARM64.ActiveCfg = Debugx64|Win32
		{7B18358A-3D71-4643-B6F0-9FD87C0D4B84}.Debugx64|x64.ActiveCfg = Debugx64|x64
		{7B18358A-3D71-4643-B6F0-9FD87C0D4B84}.Debugx64|x64.Build.0 = Debugx64|x64
		{7B18358A-3D71-4643-B6F0-9FD87C0D4B84}.Debugx64|x86.ActiveCfg = Debugx64|Win32
		{7B18358A-3D71-4643-B6F0-9FD87C0D4B84}.Debugx64|x86.Build.0 = Debugx64|Win32
		{7B18358A-3D71-4643-B6F0-9FD87C0D4B84}.Release|ARM.ActiveCfg = Release|Win32
		{7B18358A-3D71-4643-B6F0-9FD87C0D4B84}.Release|ARM64.ActiveCfg = Release|Win32
		{7B18358A-3D71-4643-B6F0-9FD87C0D4B84}.Release|x64.ActiveCfg = Release|x64
		{7B18358A-3D71-4643-B6F0-9FD87C0D4B84}.Release|x64.Build.0 = Release|x64
		{7B18358A-3D71-4643-B6F0-9FD87C0D4B84}.Release|x86.ActiveCfg = Release|Win32
		{7B18358A-3D71-4643-B6F0-9FD87C0D4B84}.Release|x86.Build.0 = Release|Win32
		{3E976F39-BF3F-418B-8099-82044B527BAB}.Debug|ARM.ActiveCfg = Debug|ARM
		{3E976F39-BF3F-418B-8099-82044B527BAB}.Debug|ARM.Build.0 = Debug|ARM
		{3E976F39-BF3F-418B-8099-82044B527BAB}.Debug|ARM.Deploy.0 = Debug|ARM
		{3E976F39-BF3F-418B-8099-82044B527BAB}.Debug|ARM64.ActiveCfg = Debug|ARM64
		{3E976F39-BF3F-418B-8099-82044B527BAB}.Debug|ARM64.Build.0 = Debug|ARM64
		{3E976F39-BF3F-418B-8099-82044B527BAB}.Debug|ARM64.Deploy.0 = Debug|ARM64
		{3E976F39-BF3F-418B-8099-82044B527BAB}.Debug|x64.ActiveCfg = Debug|x64
		{3E976F39-BF3F-418B-8099-82044B527BAB}.Debug|x64.Build.0 = Debug|x64
		{3E976F39-BF3F-418B-8099-82044B527BAB}.Debug|x64.Deploy.0 = Debug|x64
		{3E976F39-BF3F-418B-8099-82044B527BAB}.Debug|x86.ActiveCfg = Debug|Win32
		{3E976F39-BF3F-418B-8099-82044B527BAB}.Debug|x86.Build.0 = Debug|Win32
		{3E976F39-BF3F-418B-8099-82044B527BAB}.Debug|x86.Deploy.0 = Debug|Win32
		{3E976F39-BF3F-418B-8099-82044B527BAB}.Debugx64|ARM.ActiveCfg = Debugx64|ARM
		{3E976F39-BF3F-418B-8099-82044B527BAB}.Debugx64|ARM.Build.0 = Debugx64|ARM
		{3E976F39-BF3F-418B-8099-82044B527BAB}.Debugx64|ARM.Deploy.0 = Debugx64|ARM
		{3E976F39-BF3F-418B-8099-82044B527BAB}.Debugx64|ARM64.ActiveCfg = Debugx64|ARM64
		{3E976F39-BF3F-418B-8099-82044B527BAB}.Debugx64|ARM64.Build.0 = Debugx64|ARM64
		{3E976F39-BF3F-418B-8099-82044B527BAB}.Debugx64|ARM64.Deploy.0 = Debugx64|ARM64
		{3E976F39-BF3F-418B-8099-82044B527BAB}.Debugx64|x64.ActiveCfg = Debugx64|x64
		{3E976F39-BF3F-418B-8099-82044B527BAB}.Debugx64|x64.Build.0 = Debugx64|x64
		{3E976F39-BF3F-418B-8099-82044B527BAB}.Debugx64|x64.Deploy.0 = Debugx64|x64
		{3E976F39-BF3F-418B-8099-82044B527BAB}.Debugx64|x86.ActiveCfg = Debugx64|Win32
		{3E976F39-BF3F-418B-8099-82044B527BAB}.Debugx64|x86.Build.0 = Debugx64|Win32
		{3E976F39-BF3F-418B-8099-82044B527BAB}.Debugx64|x86.Deploy.0 = Debugx64|Win32
		{3E976F39-BF3F-418B-8099-82044B527BAB}.Release|ARM.ActiveCfg = Release|ARM
		{3E976F39-BF3F-418B-8099-82044B527BAB}.Release|ARM.Build.0 = Release|ARM
		{3E976F39-BF3F-418B-8099-82044B527BAB}.Release|ARM.Deploy.0 = Release|ARM
		{3E976F39-BF3F-418B-8099-82044B527BAB}.Release|ARM64.ActiveCfg = Release|ARM64
		{3E976F39-BF3F-418B-8099-82044B527BAB}.Release|ARM64.Build.0 = Release|ARM64
		{3E976F39-BF3F-418B-8099-82044B527BAB}.Release|ARM64.Deploy.0 = Release|ARM64
		{3E976F39-BF3F-418B-8099-82044B527BAB}.Release|x64.ActiveCfg = Release|x64
		{3E976F39-BF3F-418B-8099-82044B527BAB}.Release|x64.Build.0 = Release|x64
		{3E976F39-BF3F-418B-8099-82044B527BAB}.Release|x64.Deploy.0 = Release|x64
		{3E976F39-BF3F-418B-8099-82044B527BAB}.Release|x86.ActiveCfg = Release|Win32
		{3E976F39-BF3F-418B-8099-82044B527BAB}.Release|x86.Build.0 = Release|Win32
		{3E976F39-BF3F-418B-8099-82044B527BAB}.Release|x86.Deploy.0 = Release|Win32
	EndGlobalSection
	GlobalSection(SolutionProperties) = preSolution
		HideSolutionNode = FALSE
	EndGlobalSection
	GlobalSection(ExtensibilityGlobals) = postSolution
		SolutionGuid = {120203D8-3FDD-4B2D-A350-468BE4698112}
	EndGlobalSection
EndGlobal
